// !$*UTF8*$!
{
	archiveVersion = 1;
	classes = {
	};
	objectVersion = 51;
	objects = {

/* Begin PBXBuildFile section */
		12F52ABBC1286D807D557C2A /* Pods_AxxessMobile.framework in Frameworks */ = {isa = PBXBuildFile; fileRef = 4A9DAFEDB9C2EB6F89D996BA /* Pods_AxxessMobile.framework */; };
		6D4CD0C124C6035400A9C77D /* DetailInformationViewController.swift in Sources */ = {isa = PBXBuildFile; fileRef = 6D4CD0C024C6035400A9C77D /* DetailInformationViewController.swift */; };
		6DA7B8E924C479BB009732B5 /* AppDelegate.swift in Sources */ = {isa = PBXBuildFile; fileRef = 6DA7B8E824C479BB009732B5 /* AppDelegate.swift */; };
		6DA7B8EB24C479BB009732B5 /* SceneDelegate.swift in Sources */ = {isa = PBXBuildFile; fileRef = 6DA7B8EA24C479BB009732B5 /* SceneDelegate.swift */; };
		6DA7B8F024C479BB009732B5 /* Main.storyboard in Resources */ = {isa = PBXBuildFile; fileRef = 6DA7B8EE24C479BB009732B5 /* Main.storyboard */; };
		6DA7B8F224C479C3009732B5 /* Assets.xcassets in Resources */ = {isa = PBXBuildFile; fileRef = 6DA7B8F124C479C3009732B5 /* Assets.xcassets */; };
		6DA7B8F524C479C3009732B5 /* LaunchScreen.storyboard in Resources */ = {isa = PBXBuildFile; fileRef = 6DA7B8F324C479C3009732B5 /* LaunchScreen.storyboard */; };
		6DA7B8FD24C47B9C009732B5 /* InformationViewController.swift in Sources */ = {isa = PBXBuildFile; fileRef = 6DA7B8FC24C47B9C009732B5 /* InformationViewController.swift */; };
		6DCCB17D24C6109900F14E82 /* WebServices.swift in Sources */ = {isa = PBXBuildFile; fileRef = 6DCCB17C24C6109900F14E82 /* WebServices.swift */; };
		6DF5210B24C6A22A006BB6E1 /* Info.swift in Sources */ = {isa = PBXBuildFile; fileRef = 6DF5210A24C6A22A006BB6E1 /* Info.swift */; };
/* End PBXBuildFile section */

/* Begin PBXFileReference section */
		05F7E20F661A30B09E87A9DA /* Pods-AxxessMobile.debug.xcconfig */ = {isa = PBXFileReference; includeInIndex = 1; lastKnownFileType = text.xcconfig; name = "Pods-AxxessMobile.debug.xcconfig"; path = "Target Support Files/Pods-AxxessMobile/Pods-AxxessMobile.debug.xcconfig"; sourceTree = "<group>"; };
		1A701D3B20981DA3742D97FA /* Pods-AxxessMobile.release.xcconfig */ = {isa = PBXFileReference; includeInIndex = 1; lastKnownFileType = text.xcconfig; name = "Pods-AxxessMobile.release.xcconfig"; path = "Target Support Files/Pods-AxxessMobile/Pods-AxxessMobile.release.xcconfig"; sourceTree = "<group>"; };
		4A9DAFEDB9C2EB6F89D996BA /* Pods_AxxessMobile.framework */ = {isa = PBXFileReference; explicitFileType = wrapper.framework; includeInIndex = 0; path = Pods_AxxessMobile.framework; sourceTree = BUILT_PRODUCTS_DIR; };
		6D4CD0C024C6035400A9C77D /* DetailInformationViewController.swift */ = {isa = PBXFileReference; lastKnownFileType = sourcecode.swift; path = DetailInformationViewController.swift; sourceTree = "<group>"; };
		6DA7B8E524C479BB009732B5 /* AxxessMobile.app */ = {isa = PBXFileReference; explicitFileType = wrapper.application; includeInIndex = 0; path = AxxessMobile.app; sourceTree = BUILT_PRODUCTS_DIR; };
		6DA7B8E824C479BB009732B5 /* AppDelegate.swift */ = {isa = PBXFileReference; lastKnownFileType = sourcecode.swift; path = AppDelegate.swift; sourceTree = "<group>"; };
		6DA7B8EA24C479BB009732B5 /* SceneDelegate.swift */ = {isa = PBXFileReference; lastKnownFileType = sourcecode.swift; path = SceneDelegate.swift; sourceTree = "<group>"; };
		6DA7B8EF24C479BB009732B5 /* Base */ = {isa = PBXFileReference; lastKnownFileType = file.storyboard; name = Base; path = Base.lproj/Main.storyboard; sourceTree = "<group>"; };
		6DA7B8F124C479C3009732B5 /* Assets.xcassets */ = {isa = PBXFileReference; lastKnownFileType = folder.assetcatalog; path = Assets.xcassets; sourceTree = "<group>"; };
		6DA7B8F424C479C3009732B5 /* Base */ = {isa = PBXFileReference; lastKnownFileType = file.storyboard; name = Base; path = Base.lproj/LaunchScreen.storyboard; sourceTree = "<group>"; };
		6DA7B8F624C479C3009732B5 /* Info.plist */ = {isa = PBXFileReference; lastKnownFileType = text.plist.xml; path = Info.plist; sourceTree = "<group>"; };
		6DA7B8FC24C47B9C009732B5 /* InformationViewController.swift */ = {isa = PBXFileReference; lastKnownFileType = sourcecode.swift; path = InformationViewController.swift; sourceTree = "<group>"; };
		6DCCB17C24C6109900F14E82 /* WebServices.swift */ = {isa = PBXFileReference; lastKnownFileType = sourcecode.swift; path = WebServices.swift; sourceTree = "<group>"; };
		6DF5210A24C6A22A006BB6E1 /* Info.swift */ = {isa = PBXFileReference; lastKnownFileType = sourcecode.swift; path = Info.swift; sourceTree = "<group>"; };
/* End PBXFileReference section */

/* Begin PBXFrameworksBuildPhase section */
		6DA7B8E224C479BB009732B5 /* Frameworks */ = {
			isa = PBXFrameworksBuildPhase;
			buildActionMask = 2147483647;
			files = (
				12F52ABBC1286D807D557C2A /* Pods_AxxessMobile.framework in Frameworks */,
			);
			runOnlyForDeploymentPostprocessing = 0;
		};
/* End PBXFrameworksBuildPhase section */

/* Begin PBXGroup section */
		1F64815686ED9E672CB4327B /* Frameworks */ = {
			isa = PBXGroup;
			children = (
				4A9DAFEDB9C2EB6F89D996BA /* Pods_AxxessMobile.framework */,
			);
			name = Frameworks;
			sourceTree = "<group>";
		};
		6DA7B8DC24C479BB009732B5 = {
			isa = PBXGroup;
			children = (
				6DA7B8E724C479BB009732B5 /* AxxessMobile */,
				6DA7B8E624C479BB009732B5 /* Products */,
				8A056F6B904991AF4D94FA03 /* Pods */,
				1F64815686ED9E672CB4327B /* Frameworks */,
			);
			sourceTree = "<group>";
		};
		6DA7B8E624C479BB009732B5 /* Products */ = {
			isa = PBXGroup;
			children = (
				6DA7B8E524C479BB009732B5 /* AxxessMobile.app */,
			);
			name = Products;
			sourceTree = "<group>";
		};
		6DA7B8E724C479BB009732B5 /* AxxessMobile */ = {
			isa = PBXGroup;
			children = (
				6DA7B8E824C479BB009732B5 /* AppDelegate.swift */,
				6DA7B8EA24C479BB009732B5 /* SceneDelegate.swift */,
				6DA7B8FC24C47B9C009732B5 /* InformationViewController.swift */,
				6DF5210A24C6A22A006BB6E1 /* Info.swift */,
				6DCCB17C24C6109900F14E82 /* WebServices.swift */,
				6D4CD0C024C6035400A9C77D /* DetailInformationViewController.swift */,
				6DA7B8EE24C479BB009732B5 /* Main.storyboard */,
				6DA7B8F124C479C3009732B5 /* Assets.xcassets */,
				6DA7B8F324C479C3009732B5 /* LaunchScreen.storyboard */,
				6DA7B8F624C479C3009732B5 /* Info.plist */,
			);
			path = AxxessMobile;
			sourceTree = "<group>";
		};
		8A056F6B904991AF4D94FA03 /* Pods */ = {
			isa = PBXGroup;
			children = (
				05F7E20F661A30B09E87A9DA /* Pods-AxxessMobile.debug.xcconfig */,
				1A701D3B20981DA3742D97FA /* Pods-AxxessMobile.release.xcconfig */,
			);
			path = Pods;
			sourceTree = "<group>";
		};
/* End PBXGroup section */

/* Begin PBXNativeTarget section */
		6DA7B8E424C479BB009732B5 /* AxxessMobile */ = {
			isa = PBXNativeTarget;
			buildConfigurationList = 6DA7B8F924C479C3009732B5 /* Build configuration list for PBXNativeTarget "AxxessMobile" */;
			buildPhases = (
				21DE8D33F6A8B9962AC3FCDF /* [CP] Check Pods Manifest.lock */,
				6DA7B8E124C479BB009732B5 /* Sources */,
				6DA7B8E224C479BB009732B5 /* Frameworks */,
				6DA7B8E324C479BB009732B5 /* Resources */,
				AD7AEA5F68E50CAEBA7CF606 /* [CP] Embed Pods Frameworks */,
			);
			buildRules = (
			);
			dependencies = (
			);
			name = AxxessMobile;
			productName = AxxessMobile;
			productReference = 6DA7B8E524C479BB009732B5 /* AxxessMobile.app */;
			productType = "com.apple.product-type.application";
		};
/* End PBXNativeTarget section */

/* Begin PBXProject section */
		6DA7B8DD24C479BB009732B5 /* Project object */ = {
			isa = PBXProject;
			attributes = {
				LastSwiftUpdateCheck = 1130;
				LastUpgradeCheck = 1130;
				ORGANIZATIONNAME = "Akshay Are";
				TargetAttributes = {
					6DA7B8E424C479BB009732B5 = {
						CreatedOnToolsVersion = 11.3.1;
					};
				};
			};
			buildConfigurationList = 6DA7B8E024C479BB009732B5 /* Build configuration list for PBXProject "AxxessMobile" */;
			compatibilityVersion = "Xcode 9.3";
			developmentRegion = en;
			hasScannedForEncodings = 0;
			knownRegions = (
				en,
				Base,
			);
			mainGroup = 6DA7B8DC24C479BB009732B5;
			productRefGroup = 6DA7B8E624C479BB009732B5 /* Products */;
			projectDirPath = "";
			projectRoot = "";
			targets = (
				6DA7B8E424C479BB009732B5 /* AxxessMobile */,
			);
		};
/* End PBXProject section */

/* Begin PBXResourcesBuildPhase section */
		6DA7B8E324C479BB009732B5 /* Resources */ = {
			isa = PBXResourcesBuildPhase;
			buildActionMask = 2147483647;
			files = (
				6DA7B8F524C479C3009732B5 /* LaunchScreen.storyboard in Resources */,
				6DA7B8F224C479C3009732B5 /* Assets.xcassets in Resources */,
				6DA7B8F024C479BB009732B5 /* Main.storyboard in Resources */,
			);
			runOnlyForDeploymentPostprocessing = 0;
		};
/* End PBXResourcesBuildPhase section */

/* Begin PBXShellScriptBuildPhase section */
		21DE8D33F6A8B9962AC3FCDF /* [CP] Check Pods Manifest.lock */ = {
			isa = PBXShellScriptBuildPhase;
			buildActionMask = 2147483647;
			files = (
			);
			inputFileListPaths = (
			);
			inputPaths = (
				"${PODS_PODFILE_DIR_PATH}/Podfile.lock",
				"${PODS_ROOT}/Manifest.lock",
			);
			name = "[CP] Check Pods Manifest.lock";
			outputFileListPaths = (
			);
			outputPaths = (
				"$(DERIVED_FILE_DIR)/Pods-AxxessMobile-checkManifestLockResult.txt",
			);
			runOnlyForDeploymentPostprocessing = 0;
			shellPath = /bin/sh;
			shellScript = "diff \"${PODS_PODFILE_DIR_PATH}/Podfile.lock\" \"${PODS_ROOT}/Manifest.lock\" > /dev/null\nif [ $? != 0 ] ; then\n    # print error to STDERR\n    echo \"error: The sandbox is not in sync with the Podfile.lock. Run 'pod install' or update your CocoaPods installation.\" >&2\n    exit 1\nfi\n# This output is used by Xcode 'outputs' to avoid re-running this script phase.\necho \"SUCCESS\" > \"${SCRIPT_OUTPUT_FILE_0}\"\n";
			showEnvVarsInLog = 0;
		};
		AD7AEA5F68E50CAEBA7CF606 /* [CP] Embed Pods Frameworks */ = {
			isa = PBXShellScriptBuildPhase;
			buildActionMask = 2147483647;
			files = (
			);
			inputFileListPaths = (
				"${PODS_ROOT}/Target Support Files/Pods-AxxessMobile/Pods-AxxessMobile-frameworks-${CONFIGURATION}-input-files.xcfilelist",
			);
			name = "[CP] Embed Pods Frameworks";
			outputFileListPaths = (
				"${PODS_ROOT}/Target Support Files/Pods-AxxessMobile/Pods-AxxessMobile-frameworks-${CONFIGURATION}-output-files.xcfilelist",
			);
			runOnlyForDeploymentPostprocessing = 0;
			shellPath = /bin/sh;
			shellScript = "\"${PODS_ROOT}/Target Support Files/Pods-AxxessMobile/Pods-AxxessMobile-frameworks.sh\"\n";
			showEnvVarsInLog = 0;
		};
/* End PBXShellScriptBuildPhase section */

/* Begin PBXSourcesBuildPhase section */
		6DA7B8E124C479BB009732B5 /* Sources */ = {
			isa = PBXSourcesBuildPhase;
			buildActionMask = 2147483647;
			files = (
				6D4CD0C124C6035400A9C77D /* DetailInformationViewController.swift in Sources */,
				6DCCB17D24C6109900F14E82 /* WebServices.swift in Sources */,
				6DA7B8E924C479BB009732B5 /* AppDelegate.swift in Sources */,
				6DA7B8EB24C479BB009732B5 /* SceneDelegate.swift in Sources */,
				6DA7B8FD24C47B9C009732B5 /* InformationViewController.swift in Sources */,
				6DF5210B24C6A22A006BB6E1 /* Info.swift in Sources */,
			);
			runOnlyForDeploymentPostprocessing = 0;
		};
/* End PBXSourcesBuildPhase section */

/* Begin PBXVariantGroup section */
		6DA7B8EE24C479BB009732B5 /* Main.storyboard */ = {
			isa = PBXVariantGroup;
			children = (
				6DA7B8EF24C479BB009732B5 /* Base */,
			);
			name = Main.storyboard;
			sourceTree = "<group>";
		};
		6DA7B8F324C479C3009732B5 /* LaunchScreen.storyboard */ = {
			isa = PBXVariantGroup;
			children = (
				6DA7B8F424C479C3009732B5 /* Base */,
			);
			name = LaunchScreen.storyboard;
			sourceTree = "<group>";
		};
/* End PBXVariantGroup section */

/* Begin XCBuildConfiguration section */
		6DA7B8F724C479C3009732B5 /* Debug */ = {
			isa = XCBuildConfiguration;
			buildSettings = {
				ALWAYS_SEARCH_USER_PATHS = NO;
				CLANG_ANALYZER_NONNULL = YES;
				CLANG_ANALYZER_NUMBER_OBJECT_CONVERSION = YES_AGGRESSIVE;
				CLANG_CXX_LANGUAGE_STANDARD = "gnu++14";
				CLANG_CXX_LIBRARY = "libc++";
				CLANG_ENABLE_MODULES = YES;
				CLANG_ENABLE_OBJC_ARC = YES;
				CLANG_ENABLE_OBJC_WEAK = YES;
				CLANG_WARN_BLOCK_CAPTURE_AUTORELEASING = YES;
				CLANG_WARN_BOOL_CONVERSION = YES;
				CLANG_WARN_COMMA = YES;
				CLANG_WARN_CONSTANT_CONVERSION = YES;
				CLANG_WARN_DEPRECATED_OBJC_IMPLEMENTATIONS = YES;
				CLANG_WARN_DIRECT_OBJC_ISA_USAGE = YES_ERROR;
				CLANG_WARN_DOCUMENTATION_COMMENTS = YES;
				CLANG_WARN_EMPTY_BODY = YES;
				CLANG_WARN_ENUM_CONVERSION = YES;
				CLANG_WARN_INFINITE_RECURSION = YES;
				CLANG_WARN_INT_CONVERSION = YES;
				CLANG_WARN_NON_LITERAL_NULL_CONVERSION = YES;
				CLANG_WARN_OBJC_IMPLICIT_RETAIN_SELF = YES;
				CLANG_WARN_OBJC_LITERAL_CONVERSION = YES;
				CLANG_WARN_OBJC_ROOT_CLASS = YES_ERROR;
				CLANG_WARN_RANGE_LOOP_ANALYSIS = YES;
				CLANG_WARN_STRICT_PROTOTYPES = YES;
				CLANG_WARN_SUSPICIOUS_MOVE = YES;
				CLANG_WARN_UNGUARDED_AVAILABILITY = YES_AGGRESSIVE;
				CLANG_WARN_UNREACHABLE_CODE = YES;
				CLANG_WARN__DUPLICATE_METHOD_MATCH = YES;
				COPY_PHASE_STRIP = NO;
				DEBUG_INFORMATION_FORMAT = dwarf;
				ENABLE_STRICT_OBJC_MSGSEND = YES;
				ENABLE_TESTABILITY = YES;
				GCC_C_LANGUAGE_STANDARD = gnu11;
				GCC_DYNAMIC_NO_PIC = NO;
				GCC_NO_COMMON_BLOCKS = YES;
				GCC_OPTIMIZATION_LEVEL = 0;
				GCC_PREPROCESSOR_DEFINITIONS = (
					"DEBUG=1",
					"$(inherited)",
				);
				GCC_WARN_64_TO_32_BIT_CONVERSION = YES;
				GCC_WARN_ABOUT_RETURN_TYPE = YES_ERROR;
				GCC_WARN_UNDECLARED_SELECTOR = YES;
				GCC_WARN_UNINITIALIZED_AUTOS = YES_AGGRESSIVE;
				GCC_WARN_UNUSED_FUNCTION = YES;
				GCC_WARN_UNUSED_VARIABLE = YES;
				IPHONEOS_DEPLOYMENT_TARGET = 13.2;
				MTL_ENABLE_DEBUG_INFO = INCLUDE_SOURCE;
				MTL_FAST_MATH = YES;
				ONLY_ACTIVE_ARCH = YES;
				SDKROOT = iphoneos;
				SWIFT_ACTIVE_COMPILATION_CONDITIONS = DEBUG;
				SWIFT_OPTIMIZATION_LEVEL = "-Onone";
			};
			name = Debug;
		};
		6DA7B8F824C479C3009732B5 /* Release */ = {
			isa = XCBuildConfiguration;
			buildSettings = {
				ALWAYS_SEARCH_USER_PATHS = NO;
				CLANG_ANALYZER_NONNULL = YES;
				CLANG_ANALYZER_NUMBER_OBJECT_CONVERSION = YES_AGGRESSIVE;
				CLANG_CXX_LANGUAGE_STANDARD = "gnu++14";
				CLANG_CXX_LIBRARY = "libc++";
				CLANG_ENABLE_MODULES = YES;
				CLANG_ENABLE_OBJC_ARC = YES;
				CLANG_ENABLE_OBJC_WEAK = YES;
				CLANG_WARN_BLOCK_CAPTURE_AUTORELEASING = YES;
				CLANG_WARN_BOOL_CONVERSION = YES;
				CLANG_WARN_COMMA = YES;
				CLANG_WARN_CONSTANT_CONVERSION = YES;
				CLANG_WARN_DEPRECATED_OBJC_IMPLEMENTATIONS = YES;
				CLANG_WARN_DIRECT_OBJC_ISA_USAGE = YES_ERROR;
				CLANG_WARN_DOCUMENTATION_COMMENTS = YES;
				CLANG_WARN_EMPTY_BODY = YES;
				CLANG_WARN_ENUM_CONVERSION = YES;
				CLANG_WARN_INFINITE_RECURSION = YES;
				CLANG_WARN_INT_CONVERSION = YES;
				CLANG_WARN_NON_LITERAL_NULL_CONVERSION = YES;
				CLANG_WARN_OBJC_IMPLICIT_RETAIN_SELF = YES;
				CLANG_WARN_OBJC_LITERAL_CONVERSION = YES;
				CLANG_WARN_OBJC_ROOT_CLASS = YES_ERROR;
				CLANG_WARN_RANGE_LOOP_ANALYSIS = YES;
				CLANG_WARN_STRICT_PROTOTYPES = YES;
				CLANG_WARN_SUSPICIOUS_MOVE = YES;
				CLANG_WARN_UNGUARDED_AVAILABILITY = YES_AGGRESSIVE;
				CLANG_WARN_UNREACHABLE_CODE = YES;
				CLANG_WARN__DUPLICATE_METHOD_MATCH = YES;
				COPY_PHASE_STRIP = NO;
				DEBUG_INFORMATION_FORMAT = "dwarf-with-dsym";
				ENABLE_NS_ASSERTIONS = NO;
				ENABLE_STRICT_OBJC_MSGSEND = YES;
				GCC_C_LANGUAGE_STANDARD = gnu11;
				GCC_NO_COMMON_BLOCKS = YES;
				GCC_WARN_64_TO_32_BIT_CONVERSION = YES;
				GCC_WARN_ABOUT_RETURN_TYPE = YES_ERROR;
				GCC_WARN_UNDECLARED_SELECTOR = YES;
				GCC_WARN_UNINITIALIZED_AUTOS = YES_AGGRESSIVE;
				GCC_WARN_UNUSED_FUNCTION = YES;
				GCC_WARN_UNUSED_VARIABLE = YES;
				IPHONEOS_DEPLOYMENT_TARGET = 13.2;
				MTL_ENABLE_DEBUG_INFO = NO;
				MTL_FAST_MATH = YES;
				SDKROOT = iphoneos;
				SWIFT_COMPILATION_MODE = wholemodule;
				SWIFT_OPTIMIZATION_LEVEL = "-O";
				VALIDATE_PRODUCT = YES;
			};
			name = Release;
		};
		6DA7B8FA24C479C3009732B5 /* Debug */ = {
			isa = XCBuildConfiguration;
			baseConfigurationReference = 05F7E20F661A30B09E87A9DA /* Pods-AxxessMobile.debug.xcconfig */;
			buildSettings = {
				ASSETCATALOG_COMPILER_APPICON_NAME = AppIcon;
				CODE_SIGN_STYLE = Automatic;
				DEVELOPMENT_TEAM = 2S8XHJ7948;
				FRAMEWORK_SEARCH_PATHS = (
					"$(inherited)",
					"$(SRCROOT)/**",
				);
				INFOPLIST_FILE = AxxessMobile/Info.plist;
				LD_RUNPATH_SEARCH_PATHS = (
					"$(inherited)",
					"@executable_path/Frameworks",
				);
				PRODUCT_BUNDLE_IDENTIFIER = com.test.AxxessMobile;
				PRODUCT_NAME = "$(TARGET_NAME)";
				SWIFT_VERSION = 5.0;
				TARGETED_DEVICE_FAMILY = "1,2";
			};
			name = Debug;
		};
		6DA7B8FB24C479C3009732B5 /* Release */ = {
			isa = XCBuildConfiguration;
			baseConfigurationReference = 1A701D3B20981DA3742D97FA /* Pods-AxxessMobile.release.xcconfig */;
			buildSettings = {
				ASSETCATALOG_COMPILER_APPICON_NAME = AppIcon;
				CODE_SIGN_STYLE = Automatic;
				DEVELOPMENT_TEAM = 2S8XHJ7948;
				FRAMEWORK_SEARCH_PATHS = (
					"$(inherited)",
					"$(SRCROOT)/**",
				);
				INFOPLIST_FILE = AxxessMobile/Info.plist;
				LD_RUNPATH_SEARCH_PATHS = (
					"$(inherited)",
					"@executable_path/Frameworks",
				);
				PRODUCT_BUNDLE_IDENTIFIER = com.test.AxxessMobile;
				PRODUCT_NAME = "$(TARGET_NAME)";
				SWIFT_VERSION = 5.0;
				TARGETED_DEVICE_FAMILY = "1,2";
			};
			name = Release;
		};
/* End XCBuildConfiguration section */

/* Begin XCConfigurationList section */
		6DA7B8E024C479BB009732B5 /* Build configuration list for PBXProject "AxxessMobile" */ = {
			isa = XCConfigurationList;
			buildConfigurations = (
				6DA7B8F724C479C3009732B5 /* Debug */,
				6DA7B8F824C479C3009732B5 /* Release */,
			);
			defaultConfigurationIsVisible = 0;
			defaultConfigurationName = Release;
		};
		6DA7B8F924C479C3009732B5 /* Build configuration list for PBXNativeTarget "AxxessMobile" */ = {
			isa = XCConfigurationList;
			buildConfigurations = (
				6DA7B8FA24C479C3009732B5 /* Debug */,
				6DA7B8FB24C479C3009732B5 /* Release */,
			);
			defaultConfigurationIsVisible = 0;
			defaultConfigurationName = Release;
		};
/* End XCConfigurationList section */
	};
	rootObject = 6DA7B8DD24C479BB009732B5 /* Project object */;
}
